# This file is generated by running "yarn install" inside your project.
# Manual changes might be lost - proceed with caution!

__metadata:
  version: 8
  cacheKey: 10c5

"@biomejs/biome@npm:^2.2.0":
  version: 2.2.0
  resolution: "@biomejs/biome@npm:2.2.0"
  dependencies:
    "@biomejs/cli-darwin-arm64": "npm:2.2.0"
    "@biomejs/cli-darwin-x64": "npm:2.2.0"
    "@biomejs/cli-linux-arm64": "npm:2.2.0"
    "@biomejs/cli-linux-arm64-musl": "npm:2.2.0"
    "@biomejs/cli-linux-x64": "npm:2.2.0"
    "@biomejs/cli-linux-x64-musl": "npm:2.2.0"
    "@biomejs/cli-win32-arm64": "npm:2.2.0"
    "@biomejs/cli-win32-x64": "npm:2.2.0"
  dependenciesMeta:
    "@biomejs/cli-darwin-arm64":
      optional: true
    "@biomejs/cli-darwin-x64":
      optional: true
    "@biomejs/cli-linux-arm64":
      optional: true
    "@biomejs/cli-linux-arm64-musl":
      optional: true
    "@biomejs/cli-linux-x64":
      optional: true
    "@biomejs/cli-linux-x64-musl":
      optional: true
    "@biomejs/cli-win32-arm64":
      optional: true
    "@biomejs/cli-win32-x64":
      optional: true
  bin:
    biome: bin/biome
  checksum: 10c5/c9832e6f5b848e272876a2c88dfea3310df12b70d8eaf95eae9f1cd260661e92c7924093f5636d610cbec145dc110d6a67f67edfb8e1f0a40d5875b16bd40b6e
  languageName: node
  linkType: hard

"@biomejs/cli-darwin-arm64@npm:2.2.0":
  version: 2.2.0
  resolution: "@biomejs/cli-darwin-arm64@npm:2.2.0"
  conditions: os=darwin & cpu=arm64
  languageName: node
  linkType: hard

"@biomejs/cli-darwin-x64@npm:2.2.0":
  version: 2.2.0
  resolution: "@biomejs/cli-darwin-x64@npm:2.2.0"
  conditions: os=darwin & cpu=x64
  languageName: node
  linkType: hard

"@biomejs/cli-linux-arm64-musl@npm:2.2.0":
  version: 2.2.0
  resolution: "@biomejs/cli-linux-arm64-musl@npm:2.2.0"
  conditions: os=linux & cpu=arm64 & libc=musl
  languageName: node
  linkType: hard

"@biomejs/cli-linux-arm64@npm:2.2.0":
  version: 2.2.0
  resolution: "@biomejs/cli-linux-arm64@npm:2.2.0"
  conditions: os=linux & cpu=arm64 & libc=glibc
  languageName: node
  linkType: hard

"@biomejs/cli-linux-x64-musl@npm:2.2.0":
  version: 2.2.0
  resolution: "@biomejs/cli-linux-x64-musl@npm:2.2.0"
  conditions: os=linux & cpu=x64 & libc=musl
  languageName: node
  linkType: hard

"@biomejs/cli-linux-x64@npm:2.2.0":
  version: 2.2.0
  resolution: "@biomejs/cli-linux-x64@npm:2.2.0"
  conditions: os=linux & cpu=x64 & libc=glibc
  languageName: node
  linkType: hard

"@biomejs/cli-win32-arm64@npm:2.2.0":
  version: 2.2.0
  resolution: "@biomejs/cli-win32-arm64@npm:2.2.0"
  conditions: os=win32 & cpu=arm64
  languageName: node
  linkType: hard

"@biomejs/cli-win32-x64@npm:2.2.0":
  version: 2.2.0
  resolution: "@biomejs/cli-win32-x64@npm:2.2.0"
  conditions: os=win32 & cpu=x64
  languageName: node
  linkType: hard

"@chyzwar/biome-config@npm:^0.3.0":
  version: 0.3.0
  resolution: "@chyzwar/biome-config@npm:0.3.0"
  peerDependencies:
    "@biomejs/biome": ^2.0.0
  checksum: 10c5/6eb72d8cc6fc853d556fd2d0b5103c2792679f8c589fe4cfb6024ea41fad361494d42e4ca2c72906fce988f97bd491ffcf30f5033c3993dcab04d7f168fd24a8
  languageName: node
  linkType: hard

"@mapbox/jsonlint-lines-primitives@npm:~2.0.2":
  version: 2.0.2
  resolution: "@mapbox/jsonlint-lines-primitives@npm:2.0.2"
  checksum: 10c5/18890cc678af0dd0b252f1ce24492c8218d6f26b9e35c1ec040a4fecda2ebcba2cf707dcec45c4b5b8974fe7163547af047d05206eaed7605abfd96bc9d23aef
  languageName: node
  linkType: hard

"@mapbox/unitbezier@npm:^0.0.1":
  version: 0.0.1
  resolution: "@mapbox/unitbezier@npm:0.0.1"
  checksum: 10c5/5c230f8b3a06327c2668c0094e97baf05d6d30df350a69654027addf82cd3e6495ead03b8122ae4ccfcf89bcf1b0da32021cf4ff066865b2e2924ebb66dbbb28
  languageName: node
  linkType: hard

"@mapka/styles@npm:1.0.0, @mapka/styles@workspace:.":
  version: 0.0.0-use.local
  resolution: "@mapka/styles@workspace:."
  dependencies:
    "@biomejs/biome": "npm:^2.2.0"
    "@chyzwar/biome-config": "npm:^0.3.0"
    "@maplibre/maplibre-gl-style-spec": "npm:^23.3.0"
    "@types/node": "npm:^24.0.0"
  bin:
    format: ./bin/format.ts
    import: ./bin/import.ts
    validate: ./bin/validate.ts
  languageName: unknown
  linkType: soft

"@maplibre/maplibre-gl-style-spec@npm:^23.3.0":
  version: 23.3.0
  resolution: "@maplibre/maplibre-gl-style-spec@npm:23.3.0"
  dependencies:
    "@mapbox/jsonlint-lines-primitives": "npm:~2.0.2"
    "@mapbox/unitbezier": "npm:^0.0.1"
    json-stringify-pretty-compact: "npm:^4.0.0"
    minimist: "npm:^1.2.8"
    quickselect: "npm:^3.0.0"
    rw: "npm:^1.3.3"
    tinyqueue: "npm:^3.0.0"
  bin:
    gl-style-format: dist/gl-style-format.mjs
    gl-style-migrate: dist/gl-style-migrate.mjs
    gl-style-validate: dist/gl-style-validate.mjs
  checksum: 10c5/24276ef654a3d68d361865ff4e122454f9809e5a1ef70f687aea6c0b469502bdba0d4748e1f0b0e9dacfc8102eadd12d70af38c81c04f051f7f60f4fad05b6f7
  languageName: node
  linkType: hard

"@maputnik/osm-liberty@workspace:maputnik/osm-liberty":
  version: 0.0.0-use.local
  resolution: "@maputnik/osm-liberty@workspace:maputnik/osm-liberty"
  dependencies:
    "@mapka/styles": "npm:1.0.0"
  languageName: unknown
  linkType: soft

"@types/node@npm:^24.0.0":
  version: 24.2.1
  resolution: "@types/node@npm:24.2.1"
  dependencies:
    undici-types: "npm:~7.10.0"
  checksum: 10c5/22e84fa71bc153247f289b5465077a87e783522e4e0900ce9fbb86caad58d59e3dae95b7f9e5e43ae5c69e19926ddb58105977d9bb09bcb274a91423f53c7aae
  languageName: node
  linkType: hard

"json-stringify-pretty-compact@npm:^4.0.0":
  version: 4.0.0
  resolution: "json-stringify-pretty-compact@npm:4.0.0"
  checksum: 10c5/1f98dffab7a2b31c7809960df9bd7c6d4415fb0b8105c6b23ebb808a96daa6b57f5038fd4b196c45465fbaab75c2d5db1930e2f80a89621dbcc4d169fcd2d32e
  languageName: node
  linkType: hard

"minimist@npm:^1.2.8":
  version: 1.2.8
  resolution: "minimist@npm:1.2.8"
  checksum: 10c5/0fbce627ca89dfaaca622a4e02d808210c7357f35842dcce86018d9d5d8fc84f409b1cc0db590c8f166d71075dc6640ad0cee06be3d609450cd170dc3202d1f5
  languageName: node
  linkType: hard

"quickselect@npm:^3.0.0":
  version: 3.0.0
  resolution: "quickselect@npm:3.0.0"
  checksum: 10c5/b61272ceac12081f64757c8788f8d78cd102a4104a9f61031ef3a0f4581c7b3fda5431accec96e48703d3c0956671595fab0956cd206f67a7b24efcd1f4bede4
  languageName: node
  linkType: hard

"rw@npm:^1.3.3":
  version: 1.3.3
  resolution: "rw@npm:1.3.3"
  checksum: 10c5/97b03439d543ba110e42fe7bba7c832a4a29f3efda38f177fa96837dc0aface6482c123f0692149449c3a6d720177840e27d6b870657819c3b0138f78f62e63c
  languageName: node
  linkType: hard

"tinyqueue@npm:^3.0.0":
  version: 3.0.0
  resolution: "tinyqueue@npm:3.0.0"
  checksum: 10c5/fd842730b13e2efa126c9648dc941661449cbf98490caeaf1f11ac17dcc0c8d2294621faf440cd7c16eef04f1dcc5550b2b243ef379fba3c49aca4535302f64e
  languageName: node
  linkType: hard

"undici-types@npm:~7.10.0":
  version: 7.10.0
  resolution: "undici-types@npm:7.10.0"
  checksum: 10c5/ed4b117500a804f33aed1b412b24237d4ed7356a769e5cb9ad9c9653af365b13ba33dc6a2c6a0e124567a2f4dc94eb8939554838c3f57adc2bd6b2310dc289a4
  languageName: node
  linkType: hard
